
Microsoft Visual Studio Solution File, Format Version 12.00
# Visual Studio 15
VisualStudioVersion = 15.0.28010.2019
MinimumVisualStudioVersion = 10.0.40219.1
Project("{FAE04EC0-301F-11D3-BF4B-00C04F79EFBC}") = "EventQueueStuff", "EventQueueStuff\EventQueueStuff.csproj", "{31D236B2-A81E-48A7-B6A7-2DA6DB51340D}"
EndProject
Global
	GlobalSection(SolutionConfigurationPlatforms) = preSolution
		Debug|Any CPU = Debug|Any CPU
		Release|Any CPU = Release|Any CPU
	EndGlobalSection
	GlobalSection(ProjectConfigurationPlatforms) = postSolution
		{31D236B2-A81E-48A7-B6A7-2DA6DB51340D}.Debug|Any CPU.ActiveCfg = Debug|Any CPU
		{31D236B2-A81E-48A7-B6A7-2DA6DB51340D}.Debug|Any CPU.Build.0 = Debug|Any CPU
		{31D236B2-A81E-48A7-B6A7-2DA6DB51340D}.Release|Any CPU.ActiveCfg = Release|Any CPU
		{31D236B2-A81E-48A7-B6A7-2DA6DB51340D}.Release|Any CPU.Build.0 = Release|Any CPU
	EndGlobalSection
	GlobalSection(SolutionProperties) = preSolution
		HideSolutionNode = FALSE
	EndGlobalSection
	GlobalSection(ExtensibilityGlobals) = postSolution
		SolutionGuid = {77372C42-2918-4DE4-8C7E-342A1EAC9D39}
	EndGlobalSection
EndGlobal
